
Microsoft Visual Studio Solution File, Format Version 12.00
# Visual Studio Version 17
VisualStudioVersion = 17.2.32602.215
MinimumVisualStudioVersion = 10.0.40219.1
Project("{FAE04EC0-301F-11D3-BF4B-00C04F79EFBC}") = "WeatherApi", "WeatherApi\WeatherApi.csproj", "{BE5DAEA7-6A67-4B41-ADE4-FE2B15D489C6}"
EndProject
Global
	GlobalSection(SolutionConfigurationPlatforms) = preSolution
		Debug|Any CPU = Debug|Any CPU
		Release|Any CPU = Release|Any CPU
	EndGlobalSection
	GlobalSection(ProjectConfigurationPlatforms) = postSolution
		{BE5DAEA7-6A67-4B41-ADE4-FE2B15D489C6}.Debug|Any CPU.ActiveCfg = Debug|Any CPU
		{BE5DAEA7-6A67-4B41-ADE4-FE2B15D489C6}.Debug|Any CPU.Build.0 = Debug|Any CPU
		{BE5DAEA7-6A67-4B41-ADE4-FE2B15D489C6}.Release|Any CPU.ActiveCfg = Release|Any CPU
		{BE5DAEA7-6A67-4B41-ADE4-FE2B15D489C6}.Release|Any CPU.Build.0 = Release|Any CPU
	EndGlobalSection
	GlobalSection(SolutionProperties) = preSolution
		HideSolutionNode = FALSE
	EndGlobalSection
	GlobalSection(ExtensibilityGlobals) = postSolution
		SolutionGuid = {DA0E3315-0536-421F-8FE2-43959F997BDE}
	EndGlobalSection
EndGlobal
